
Microsoft Visual Studio Solution File, Format Version 12.00
# Visual Studio Version 17
VisualStudioVersion = 17.8.34309.116
MinimumVisualStudioVersion = 10.0.40219.1
Project("{9A19103F-16F7-4668-BE54-9A1E7A4F7556}") = "AzureTranslatorApi", "AzureTranslatorApi\AzureTranslatorApi.csproj", "{932E78AA-AEF9-40C5-8A93-FAEA8137F61C}"
EndProject
Project("{FAE04EC0-301F-11D3-BF4B-00C04F79EFBC}") = "BlazorFront", "BlazorFront\BlazorFront.csproj", "{A8A5AC26-7AFE-4431-98AA-41065C605BF9}"
EndProject
Global
	GlobalSection(SolutionConfigurationPlatforms) = preSolution
		Debug|Any CPU = Debug|Any CPU
		Release|Any CPU = Release|Any CPU
	EndGlobalSection
	GlobalSection(ProjectConfigurationPlatforms) = postSolution
		{932E78AA-AEF9-40C5-8A93-FAEA8137F61C}.Debug|Any CPU.ActiveCfg = Debug|Any CPU
		{932E78AA-AEF9-40C5-8A93-FAEA8137F61C}.Debug|Any CPU.Build.0 = Debug|Any CPU
		{932E78AA-AEF9-40C5-8A93-FAEA8137F61C}.Release|Any CPU.ActiveCfg = Release|Any CPU
		{932E78AA-AEF9-40C5-8A93-FAEA8137F61C}.Release|Any CPU.Build.0 = Release|Any CPU
		{A8A5AC26-7AFE-4431-98AA-41065C605BF9}.Debug|Any CPU.ActiveCfg = Debug|Any CPU
		{A8A5AC26-7AFE-4431-98AA-41065C605BF9}.Debug|Any CPU.Build.0 = Debug|Any CPU
		{A8A5AC26-7AFE-4431-98AA-41065C605BF9}.Release|Any CPU.ActiveCfg = Release|Any CPU
		{A8A5AC26-7AFE-4431-98AA-41065C605BF9}.Release|Any CPU.Build.0 = Release|Any CPU
	EndGlobalSection
	GlobalSection(SolutionProperties) = preSolution
		HideSolutionNode = FALSE
	EndGlobalSection
	GlobalSection(ExtensibilityGlobals) = postSolution
		SolutionGuid = {B7B69418-F2DC-428C-90BA-5062DD3D550C}
	EndGlobalSection
EndGlobal
